// !$*UTF8*$!
{
	archiveVersion = 1;
	classes = {
	};
	objectVersion = 56;
	objects = {

/* Begin PBXBuildFile section */
		4D0A70CA28EF649300CF498C /* RecommandedMovieCollectionViewCell.swift in Sources */ = {isa = PBXBuildFile; fileRef = 4D0A70C828EF649300CF498C /* RecommandedMovieCollectionViewCell.swift */; };
		4D0A70CB28EF649300CF498C /* RecommandedMovieCollectionViewCell.xib in Resources */ = {isa = PBXBuildFile; fileRef = 4D0A70C928EF649300CF498C /* RecommandedMovieCollectionViewCell.xib */; };
		4D0A70CD28EF795D00CF498C /* RecommandedMovieNetwork.swift in Sources */ = {isa = PBXBuildFile; fileRef = 4D0A70CC28EF795D00CF498C /* RecommandedMovieNetwork.swift */; };
		4D0A70CF28F03EDE00CF498C /* VideoMovieNetwork.swift in Sources */ = {isa = PBXBuildFile; fileRef = 4D0A70CE28F03EDE00CF498C /* VideoMovieNetwork.swift */; };
		4D0A70D128F0496B00CF498C /* MovieDataVideo.swift in Sources */ = {isa = PBXBuildFile; fileRef = 4D0A70D028F0496B00CF498C /* MovieDataVideo.swift */; };
		4D0A70D428F06B2A00CF498C /* extension+Alert.swift in Sources */ = {isa = PBXBuildFile; fileRef = 4D0A70D328F06B2A00CF498C /* extension+Alert.swift */; };
		4D37092228EF02AB0043FD1A /* PageFilmViewController.swift in Sources */ = {isa = PBXBuildFile; fileRef = 4D37092128EF02AB0043FD1A /* PageFilmViewController.swift */; };
		4DC1B46128E9DD540001777A /* MovieData.swift in Sources */ = {isa = PBXBuildFile; fileRef = 4DC1B46028E9DD540001777A /* MovieData.swift */; };
		4DC1B46328E9DD660001777A /* MovieDataNetWork.swift in Sources */ = {isa = PBXBuildFile; fileRef = 4DC1B46228E9DD660001777A /* MovieDataNetWork.swift */; };
		4DC1B46728E9DD890001777A /* MovieViewModel.swift in Sources */ = {isa = PBXBuildFile; fileRef = 4DC1B46628E9DD890001777A /* MovieViewModel.swift */; };
		4DC1B46A28EAFBA50001777A /* SDWebImage in Frameworks */ = {isa = PBXBuildFile; productRef = 4DC1B46928EAFBA50001777A /* SDWebImage */; };
		4DC1B46C28EB12560001777A /* TopMovieNetwork.swift in Sources */ = {isa = PBXBuildFile; fileRef = 4DC1B46B28EB12560001777A /* TopMovieNetwork.swift */; };
		4DC1B46E28EB1B790001777A /* MovieUpcoming.swift in Sources */ = {isa = PBXBuildFile; fileRef = 4DC1B46D28EB1B790001777A /* MovieUpcoming.swift */; };
		4DCB7B8028E854B40026F2EB /* AppDelegate.swift in Sources */ = {isa = PBXBuildFile; fileRef = 4DCB7B7F28E854B40026F2EB /* AppDelegate.swift */; };
		4DCB7B8228E854B40026F2EB /* SceneDelegate.swift in Sources */ = {isa = PBXBuildFile; fileRef = 4DCB7B8128E854B40026F2EB /* SceneDelegate.swift */; };
		4DCB7B8428E854B40026F2EB /* MovieWeekViewController.swift in Sources */ = {isa = PBXBuildFile; fileRef = 4DCB7B8328E854B40026F2EB /* MovieWeekViewController.swift */; };
		4DCB7B8728E854B40026F2EB /* Main.storyboard in Resources */ = {isa = PBXBuildFile; fileRef = 4DCB7B8528E854B40026F2EB /* Main.storyboard */; };
		4DCB7B8A28E854B40026F2EB /* WhatWatch.xcdatamodeld in Sources */ = {isa = PBXBuildFile; fileRef = 4DCB7B8828E854B40026F2EB /* WhatWatch.xcdatamodeld */; };
		4DCB7B8C28E854B50026F2EB /* Assets.xcassets in Resources */ = {isa = PBXBuildFile; fileRef = 4DCB7B8B28E854B50026F2EB /* Assets.xcassets */; };
		4DCB7B8F28E854B50026F2EB /* LaunchScreen.storyboard in Resources */ = {isa = PBXBuildFile; fileRef = 4DCB7B8D28E854B50026F2EB /* LaunchScreen.storyboard */; };
		4DCB7B9D28E884190026F2EB /* MovieCollectionViewCell.swift in Sources */ = {isa = PBXBuildFile; fileRef = 4DCB7B9B28E884190026F2EB /* MovieCollectionViewCell.swift */; };
		4DCB7B9E28E884190026F2EB /* MovieCollectionViewCell.xib in Resources */ = {isa = PBXBuildFile; fileRef = 4DCB7B9C28E884190026F2EB /* MovieCollectionViewCell.xib */; };
/* End PBXBuildFile section */

/* Begin PBXFileReference section */
		4D0A70C828EF649300CF498C /* RecommandedMovieCollectionViewCell.swift */ = {isa = PBXFileReference; lastKnownFileType = sourcecode.swift; path = RecommandedMovieCollectionViewCell.swift; sourceTree = "<group>"; };
		4D0A70C928EF649300CF498C /* RecommandedMovieCollectionViewCell.xib */ = {isa = PBXFileReference; lastKnownFileType = file.xib; path = RecommandedMovieCollectionViewCell.xib; sourceTree = "<group>"; };
		4D0A70CC28EF795D00CF498C /* RecommandedMovieNetwork.swift */ = {isa = PBXFileReference; lastKnownFileType = sourcecode.swift; path = RecommandedMovieNetwork.swift; sourceTree = "<group>"; };
		4D0A70CE28F03EDE00CF498C /* VideoMovieNetwork.swift */ = {isa = PBXFileReference; lastKnownFileType = sourcecode.swift; path = VideoMovieNetwork.swift; sourceTree = "<group>"; };
		4D0A70D028F0496B00CF498C /* MovieDataVideo.swift */ = {isa = PBXFileReference; lastKnownFileType = sourcecode.swift; path = MovieDataVideo.swift; sourceTree = "<group>"; };
		4D0A70D328F06B2A00CF498C /* extension+Alert.swift */ = {isa = PBXFileReference; lastKnownFileType = sourcecode.swift; path = "extension+Alert.swift"; sourceTree = "<group>"; };
		4D37092128EF02AB0043FD1A /* PageFilmViewController.swift */ = {isa = PBXFileReference; lastKnownFileType = sourcecode.swift; path = PageFilmViewController.swift; sourceTree = "<group>"; };
		4DC1B46028E9DD540001777A /* MovieData.swift */ = {isa = PBXFileReference; lastKnownFileType = sourcecode.swift; path = MovieData.swift; sourceTree = "<group>"; };
		4DC1B46228E9DD660001777A /* MovieDataNetWork.swift */ = {isa = PBXFileReference; lastKnownFileType = sourcecode.swift; path = MovieDataNetWork.swift; sourceTree = "<group>"; };
		4DC1B46628E9DD890001777A /* MovieViewModel.swift */ = {isa = PBXFileReference; lastKnownFileType = sourcecode.swift; path = MovieViewModel.swift; sourceTree = "<group>"; };
		4DC1B46B28EB12560001777A /* TopMovieNetwork.swift */ = {isa = PBXFileReference; lastKnownFileType = sourcecode.swift; path = TopMovieNetwork.swift; sourceTree = "<group>"; };
		4DC1B46D28EB1B790001777A /* MovieUpcoming.swift */ = {isa = PBXFileReference; lastKnownFileType = sourcecode.swift; path = MovieUpcoming.swift; sourceTree = "<group>"; };
		4DCB7B7C28E854B40026F2EB /* WhatWatch.app */ = {isa = PBXFileReference; explicitFileType = wrapper.application; includeInIndex = 0; path = WhatWatch.app; sourceTree = BUILT_PRODUCTS_DIR; };
		4DCB7B7F28E854B40026F2EB /* AppDelegate.swift */ = {isa = PBXFileReference; lastKnownFileType = sourcecode.swift; path = AppDelegate.swift; sourceTree = "<group>"; };
		4DCB7B8128E854B40026F2EB /* SceneDelegate.swift */ = {isa = PBXFileReference; lastKnownFileType = sourcecode.swift; path = SceneDelegate.swift; sourceTree = "<group>"; };
		4DCB7B8328E854B40026F2EB /* MovieWeekViewController.swift */ = {isa = PBXFileReference; lastKnownFileType = sourcecode.swift; path = MovieWeekViewController.swift; sourceTree = "<group>"; };
		4DCB7B8628E854B40026F2EB /* Base */ = {isa = PBXFileReference; lastKnownFileType = file.storyboard; name = Base; path = Base.lproj/Main.storyboard; sourceTree = "<group>"; };
		4DCB7B8928E854B40026F2EB /* WhatWatch.xcdatamodel */ = {isa = PBXFileReference; lastKnownFileType = wrapper.xcdatamodel; path = WhatWatch.xcdatamodel; sourceTree = "<group>"; };
		4DCB7B8B28E854B50026F2EB /* Assets.xcassets */ = {isa = PBXFileReference; lastKnownFileType = folder.assetcatalog; path = Assets.xcassets; sourceTree = "<group>"; };
		4DCB7B8E28E854B50026F2EB /* Base */ = {isa = PBXFileReference; lastKnownFileType = file.storyboard; name = Base; path = Base.lproj/LaunchScreen.storyboard; sourceTree = "<group>"; };
		4DCB7B9028E854B50026F2EB /* Info.plist */ = {isa = PBXFileReference; lastKnownFileType = text.plist.xml; path = Info.plist; sourceTree = "<group>"; };
		4DCB7B9B28E884190026F2EB /* MovieCollectionViewCell.swift */ = {isa = PBXFileReference; lastKnownFileType = sourcecode.swift; path = MovieCollectionViewCell.swift; sourceTree = "<group>"; };
		4DCB7B9C28E884190026F2EB /* MovieCollectionViewCell.xib */ = {isa = PBXFileReference; lastKnownFileType = file.xib; path = MovieCollectionViewCell.xib; sourceTree = "<group>"; };
/* End PBXFileReference section */

/* Begin PBXFrameworksBuildPhase section */
		4DCB7B7928E854B40026F2EB /* Frameworks */ = {
			isa = PBXFrameworksBuildPhase;
			buildActionMask = 2147483647;
			files = (
				4DC1B46A28EAFBA50001777A /* SDWebImage in Frameworks */,
			);
			runOnlyForDeploymentPostprocessing = 0;
		};
/* End PBXFrameworksBuildPhase section */

/* Begin PBXGroup section */
		4D0A70D228F0497300CF498C /* MovieData */ = {
			isa = PBXGroup;
			children = (
				4DC1B46028E9DD540001777A /* MovieData.swift */,
				4D0A70D028F0496B00CF498C /* MovieDataVideo.swift */,
			);
			path = MovieData;
			sourceTree = "<group>";
		};
		4D37092328EF15320043FD1A /* ViewController */ = {
			isa = PBXGroup;
			children = (
				4DCB7B8328E854B40026F2EB /* MovieWeekViewController.swift */,
				4D37092128EF02AB0043FD1A /* PageFilmViewController.swift */,
			);
			name = ViewController;
			sourceTree = "<group>";
		};
		4DC1B46428E9DD6D0001777A /* Model */ = {
			isa = PBXGroup;
			children = (
				4D0A70D228F0497300CF498C /* MovieData */,
				4D0A70CC28EF795D00CF498C /* RecommandedMovieNetwork.swift */,
				4DC1B46228E9DD660001777A /* MovieDataNetWork.swift */,
				4DC1B46B28EB12560001777A /* TopMovieNetwork.swift */,
				4DC1B46D28EB1B790001777A /* MovieUpcoming.swift */,
				4D0A70CE28F03EDE00CF498C /* VideoMovieNetwork.swift */,
			);
			path = Model;
			sourceTree = "<group>";
		};
		4DC1B46528E9DD7A0001777A /* ViewModel */ = {
			isa = PBXGroup;
			children = (
				4DC1B46628E9DD890001777A /* MovieViewModel.swift */,
			);
			path = ViewModel;
			sourceTree = "<group>";
		};
		4DCB7B7328E854B40026F2EB = {
			isa = PBXGroup;
			children = (
				4DCB7B7E28E854B40026F2EB /* WhatWatch */,
				4DCB7B7D28E854B40026F2EB /* Products */,
			);
			sourceTree = "<group>";
		};
		4DCB7B7D28E854B40026F2EB /* Products */ = {
			isa = PBXGroup;
			children = (
				4DCB7B7C28E854B40026F2EB /* WhatWatch.app */,
			);
			name = Products;
			sourceTree = "<group>";
		};
		4DCB7B7E28E854B40026F2EB /* WhatWatch */ = {
			isa = PBXGroup;
			children = (
				4DCB7B9628E855FB0026F2EB /* OtherFiles */,
				4DCB7B9F28E885410026F2EB /* StoryBoard */,
				4DC1B46428E9DD6D0001777A /* Model */,
				4DC1B46528E9DD7A0001777A /* ViewModel */,
				4D37092328EF15320043FD1A /* ViewController */,
				4DCB7B9028E854B50026F2EB /* Info.plist */,
				4DCB7B8828E854B40026F2EB /* WhatWatch.xcdatamodeld */,
			);
			path = WhatWatch;
			sourceTree = "<group>";
		};
		4DCB7B9628E855FB0026F2EB /* OtherFiles */ = {
			isa = PBXGroup;
			children = (
				4DCB7B7F28E854B40026F2EB /* AppDelegate.swift */,
				4DCB7B8128E854B40026F2EB /* SceneDelegate.swift */,
				4D0A70D328F06B2A00CF498C /* extension+Alert.swift */,
			);
			path = OtherFiles;
			sourceTree = "<group>";
		};
		4DCB7B9F28E885410026F2EB /* StoryBoard */ = {
			isa = PBXGroup;
			children = (
				4DCB7B8B28E854B50026F2EB /* Assets.xcassets */,
				4DCB7B9B28E884190026F2EB /* MovieCollectionViewCell.swift */,
				4DCB7B9C28E884190026F2EB /* MovieCollectionViewCell.xib */,
				4DCB7B8528E854B40026F2EB /* Main.storyboard */,
				4DCB7B8D28E854B50026F2EB /* LaunchScreen.storyboard */,
				4D0A70C828EF649300CF498C /* RecommandedMovieCollectionViewCell.swift */,
				4D0A70C928EF649300CF498C /* RecommandedMovieCollectionViewCell.xib */,
			);
			path = StoryBoard;
			sourceTree = "<group>";
		};
/* End PBXGroup section */

/* Begin PBXNativeTarget section */
		4DCB7B7B28E854B40026F2EB /* WhatWatch */ = {
			isa = PBXNativeTarget;
			buildConfigurationList = 4DCB7B9328E854B50026F2EB /* Build configuration list for PBXNativeTarget "WhatWatch" */;
			buildPhases = (
				4DCB7B7828E854B40026F2EB /* Sources */,
				4DCB7B7928E854B40026F2EB /* Frameworks */,
				4DCB7B7A28E854B40026F2EB /* Resources */,
			);
			buildRules = (
			);
			dependencies = (
			);
			name = WhatWatch;
			packageProductDependencies = (
				4DC1B46928EAFBA50001777A /* SDWebImage */,
			);
			productName = WhatWatch;
			productReference = 4DCB7B7C28E854B40026F2EB /* WhatWatch.app */;
			productType = "com.apple.product-type.application";
		};
/* End PBXNativeTarget section */

/* Begin PBXProject section */
		4DCB7B7428E854B40026F2EB /* Project object */ = {
			isa = PBXProject;
			attributes = {
				BuildIndependentTargetsInParallel = 1;
				LastSwiftUpdateCheck = 1400;
				LastUpgradeCheck = 1400;
				TargetAttributes = {
					4DCB7B7B28E854B40026F2EB = {
						CreatedOnToolsVersion = 14.0;
					};
				};
			};
			buildConfigurationList = 4DCB7B7728E854B40026F2EB /* Build configuration list for PBXProject "WhatWatch" */;
			compatibilityVersion = "Xcode 14.0";
			developmentRegion = en;
			hasScannedForEncodings = 0;
			knownRegions = (
				en,
				Base,
			);
			mainGroup = 4DCB7B7328E854B40026F2EB;
			packageReferences = (
				4DC1B46828EAFBA50001777A /* XCRemoteSwiftPackageReference "SDWebImage" */,
			);
			productRefGroup = 4DCB7B7D28E854B40026F2EB /* Products */;
			projectDirPath = "";
			projectRoot = "";
			targets = (
				4DCB7B7B28E854B40026F2EB /* WhatWatch */,
			);
		};
/* End PBXProject section */

/* Begin PBXResourcesBuildPhase section */
		4DCB7B7A28E854B40026F2EB /* Resources */ = {
			isa = PBXResourcesBuildPhase;
			buildActionMask = 2147483647;
			files = (
				4DCB7B8F28E854B50026F2EB /* LaunchScreen.storyboard in Resources */,
				4DCB7B8C28E854B50026F2EB /* Assets.xcassets in Resources */,
				4DCB7B8728E854B40026F2EB /* Main.storyboard in Resources */,
				4DCB7B9E28E884190026F2EB /* MovieCollectionViewCell.xib in Resources */,
				4D0A70CB28EF649300CF498C /* RecommandedMovieCollectionViewCell.xib in Resources */,
			);
			runOnlyForDeploymentPostprocessing = 0;
		};
/* End PBXResourcesBuildPhase section */

/* Begin PBXSourcesBuildPhase section */
		4DCB7B7828E854B40026F2EB /* Sources */ = {
			isa = PBXSourcesBuildPhase;
			buildActionMask = 2147483647;
			files = (
				4D0A70D428F06B2A00CF498C /* extension+Alert.swift in Sources */,
				4DC1B46128E9DD540001777A /* MovieData.swift in Sources */,
				4DC1B46C28EB12560001777A /* TopMovieNetwork.swift in Sources */,
				4D0A70CA28EF649300CF498C /* RecommandedMovieCollectionViewCell.swift in Sources */,
				4D0A70CF28F03EDE00CF498C /* VideoMovieNetwork.swift in Sources */,
				4DC1B46328E9DD660001777A /* MovieDataNetWork.swift in Sources */,
				4DCB7B8428E854B40026F2EB /* MovieWeekViewController.swift in Sources */,
				4DC1B46728E9DD890001777A /* MovieViewModel.swift in Sources */,
				4DCB7B8A28E854B40026F2EB /* WhatWatch.xcdatamodeld in Sources */,
				4D37092228EF02AB0043FD1A /* PageFilmViewController.swift in Sources */,
				4DCB7B9D28E884190026F2EB /* MovieCollectionViewCell.swift in Sources */,
				4DCB7B8028E854B40026F2EB /* AppDelegate.swift in Sources */,
				4DC1B46E28EB1B790001777A /* MovieUpcoming.swift in Sources */,
				4D0A70CD28EF795D00CF498C /* RecommandedMovieNetwork.swift in Sources */,
				4DCB7B8228E854B40026F2EB /* SceneDelegate.swift in Sources */,
				4D0A70D128F0496B00CF498C /* MovieDataVideo.swift in Sources */,
			);
			runOnlyForDeploymentPostprocessing = 0;
		};
/* End PBXSourcesBuildPhase section */

/* Begin PBXVariantGroup section */
		4DCB7B8528E854B40026F2EB /* Main.storyboard */ = {
			isa = PBXVariantGroup;
			children = (
				4DCB7B8628E854B40026F2EB /* Base */,
			);
			name = Main.storyboard;
			sourceTree = "<group>";
		};
		4DCB7B8D28E854B50026F2EB /* LaunchScreen.storyboard */ = {
			isa = PBXVariantGroup;
			children = (
				4DCB7B8E28E854B50026F2EB /* Base */,
			);
			name = LaunchScreen.storyboard;
			sourceTree = "<group>";
		};
/* End PBXVariantGroup section */

/* Begin XCBuildConfiguration section */
		4DCB7B9128E854B50026F2EB /* Debug */ = {
			isa = XCBuildConfiguration;
			buildSettings = {
				ALWAYS_SEARCH_USER_PATHS = NO;
				CLANG_ANALYZER_NONNULL = YES;
				CLANG_ANALYZER_NUMBER_OBJECT_CONVERSION = YES_AGGRESSIVE;
				CLANG_CXX_LANGUAGE_STANDARD = "gnu++20";
				CLANG_ENABLE_MODULES = YES;
				CLANG_ENABLE_OBJC_ARC = YES;
				CLANG_ENABLE_OBJC_WEAK = YES;
				CLANG_WARN_BLOCK_CAPTURE_AUTORELEASING = YES;
				CLANG_WARN_BOOL_CONVERSION = YES;
				CLANG_WARN_COMMA = YES;
				CLANG_WARN_CONSTANT_CONVERSION = YES;
				CLANG_WARN_DEPRECATED_OBJC_IMPLEMENTATIONS = YES;
				CLANG_WARN_DIRECT_OBJC_ISA_USAGE = YES_ERROR;
				CLANG_WARN_DOCUMENTATION_COMMENTS = YES;
				CLANG_WARN_EMPTY_BODY = YES;
				CLANG_WARN_ENUM_CONVERSION = YES;
				CLANG_WARN_INFINITE_RECURSION = YES;
				CLANG_WARN_INT_CONVERSION = YES;
				CLANG_WARN_NON_LITERAL_NULL_CONVERSION = YES;
				CLANG_WARN_OBJC_IMPLICIT_RETAIN_SELF = YES;
				CLANG_WARN_OBJC_LITERAL_CONVERSION = YES;
				CLANG_WARN_OBJC_ROOT_CLASS = YES_ERROR;
				CLANG_WARN_QUOTED_INCLUDE_IN_FRAMEWORK_HEADER = YES;
				CLANG_WARN_RANGE_LOOP_ANALYSIS = YES;
				CLANG_WARN_STRICT_PROTOTYPES = YES;
				CLANG_WARN_SUSPICIOUS_MOVE = YES;
				CLANG_WARN_UNGUARDED_AVAILABILITY = YES_AGGRESSIVE;
				CLANG_WARN_UNREACHABLE_CODE = YES;
				CLANG_WARN__DUPLICATE_METHOD_MATCH = YES;
				COPY_PHASE_STRIP = NO;
				DEBUG_INFORMATION_FORMAT = dwarf;
				ENABLE_STRICT_OBJC_MSGSEND = YES;
				ENABLE_TESTABILITY = YES;
				GCC_C_LANGUAGE_STANDARD = gnu11;
				GCC_DYNAMIC_NO_PIC = NO;
				GCC_NO_COMMON_BLOCKS = YES;
				GCC_OPTIMIZATION_LEVEL = 0;
				GCC_PREPROCESSOR_DEFINITIONS = (
					"DEBUG=1",
					"$(inherited)",
				);
				GCC_WARN_64_TO_32_BIT_CONVERSION = YES;
				GCC_WARN_ABOUT_RETURN_TYPE = YES_ERROR;
				GCC_WARN_UNDECLARED_SELECTOR = YES;
				GCC_WARN_UNINITIALIZED_AUTOS = YES_AGGRESSIVE;
				GCC_WARN_UNUSED_FUNCTION = YES;
				GCC_WARN_UNUSED_VARIABLE = YES;
				IPHONEOS_DEPLOYMENT_TARGET = 15.6;
				MTL_ENABLE_DEBUG_INFO = INCLUDE_SOURCE;
				MTL_FAST_MATH = YES;
				ONLY_ACTIVE_ARCH = YES;
				SDKROOT = iphoneos;
				SWIFT_ACTIVE_COMPILATION_CONDITIONS = DEBUG;
				SWIFT_OPTIMIZATION_LEVEL = "-Onone";
			};
			name = Debug;
		};
		4DCB7B9228E854B50026F2EB /* Release */ = {
			isa = XCBuildConfiguration;
			buildSettings = {
				ALWAYS_SEARCH_USER_PATHS = NO;
				CLANG_ANALYZER_NONNULL = YES;
				CLANG_ANALYZER_NUMBER_OBJECT_CONVERSION = YES_AGGRESSIVE;
				CLANG_CXX_LANGUAGE_STANDARD = "gnu++20";
				CLANG_ENABLE_MODULES = YES;
				CLANG_ENABLE_OBJC_ARC = YES;
				CLANG_ENABLE_OBJC_WEAK = YES;
				CLANG_WARN_BLOCK_CAPTURE_AUTORELEASING = YES;
				CLANG_WARN_BOOL_CONVERSION = YES;
				CLANG_WARN_COMMA = YES;
				CLANG_WARN_CONSTANT_CONVERSION = YES;
				CLANG_WARN_DEPRECATED_OBJC_IMPLEMENTATIONS = YES;
				CLANG_WARN_DIRECT_OBJC_ISA_USAGE = YES_ERROR;
				CLANG_WARN_DOCUMENTATION_COMMENTS = YES;
				CLANG_WARN_EMPTY_BODY = YES;
				CLANG_WARN_ENUM_CONVERSION = YES;
				CLANG_WARN_INFINITE_RECURSION = YES;
				CLANG_WARN_INT_CONVERSION = YES;
				CLANG_WARN_NON_LITERAL_NULL_CONVERSION = YES;
				CLANG_WARN_OBJC_IMPLICIT_RETAIN_SELF = YES;
				CLANG_WARN_OBJC_LITERAL_CONVERSION = YES;
				CLANG_WARN_OBJC_ROOT_CLASS = YES_ERROR;
				CLANG_WARN_QUOTED_INCLUDE_IN_FRAMEWORK_HEADER = YES;
				CLANG_WARN_RANGE_LOOP_ANALYSIS = YES;
				CLANG_WARN_STRICT_PROTOTYPES = YES;
				CLANG_WARN_SUSPICIOUS_MOVE = YES;
				CLANG_WARN_UNGUARDED_AVAILABILITY = YES_AGGRESSIVE;
				CLANG_WARN_UNREACHABLE_CODE = YES;
				CLANG_WARN__DUPLICATE_METHOD_MATCH = YES;
				COPY_PHASE_STRIP = NO;
				DEBUG_INFORMATION_FORMAT = "dwarf-with-dsym";
				ENABLE_NS_ASSERTIONS = NO;
				ENABLE_STRICT_OBJC_MSGSEND = YES;
				GCC_C_LANGUAGE_STANDARD = gnu11;
				GCC_NO_COMMON_BLOCKS = YES;
				GCC_WARN_64_TO_32_BIT_CONVERSION = YES;
				GCC_WARN_ABOUT_RETURN_TYPE = YES_ERROR;
				GCC_WARN_UNDECLARED_SELECTOR = YES;
				GCC_WARN_UNINITIALIZED_AUTOS = YES_AGGRESSIVE;
				GCC_WARN_UNUSED_FUNCTION = YES;
				GCC_WARN_UNUSED_VARIABLE = YES;
				IPHONEOS_DEPLOYMENT_TARGET = 15.6;
				MTL_ENABLE_DEBUG_INFO = NO;
				MTL_FAST_MATH = YES;
				SDKROOT = iphoneos;
				SWIFT_COMPILATION_MODE = wholemodule;
				SWIFT_OPTIMIZATION_LEVEL = "-O";
				VALIDATE_PRODUCT = YES;
			};
			name = Release;
		};
		4DCB7B9428E854B50026F2EB /* Debug */ = {
			isa = XCBuildConfiguration;
			buildSettings = {
				ASSETCATALOG_COMPILER_APPICON_NAME = AppIcon;
				ASSETCATALOG_COMPILER_GLOBAL_ACCENT_COLOR_NAME = AccentColor;
				CODE_SIGN_STYLE = Automatic;
				CURRENT_PROJECT_VERSION = 1;
				DEVELOPMENT_TEAM = 2MSLYVU6K6;
				GENERATE_INFOPLIST_FILE = YES;
				INFOPLIST_FILE = WhatWatch/Info.plist;
				INFOPLIST_KEY_UIApplicationSupportsIndirectInputEvents = YES;
				INFOPLIST_KEY_UILaunchStoryboardName = LaunchScreen;
				INFOPLIST_KEY_UIMainStoryboardFile = Main;
				INFOPLIST_KEY_UISupportedInterfaceOrientations_iPad = "UIInterfaceOrientationPortrait UIInterfaceOrientationPortraitUpsideDown UIInterfaceOrientationLandscapeLeft UIInterfaceOrientationLandscapeRight";
				INFOPLIST_KEY_UISupportedInterfaceOrientations_iPhone = "UIInterfaceOrientationPortrait UIInterfaceOrientationLandscapeLeft UIInterfaceOrientationLandscapeRight";
				IPHONEOS_DEPLOYMENT_TARGET = 15.6;
				LD_RUNPATH_SEARCH_PATHS = (
					"$(inherited)",
					"@executable_path/Frameworks",
				);
				MARKETING_VERSION = 1.0;
				PRODUCT_BUNDLE_IDENTIFIER = rodolphe.schnetzer.WhatWatch;
				PRODUCT_NAME = "$(TARGET_NAME)";
				SUPPORTED_PLATFORMS = "iphoneos iphonesimulator";
				SUPPORTS_MACCATALYST = NO;
				SUPPORTS_MAC_DESIGNED_FOR_IPHONE_IPAD = YES;
				SWIFT_EMIT_LOC_STRINGS = YES;
				SWIFT_VERSION = 5.0;
				TARGETED_DEVICE_FAMILY = 1;
			};
			name = Debug;
		};
		4DCB7B9528E854B50026F2EB /* Release */ = {
			isa = XCBuildConfiguration;
			buildSettings = {
				ASSETCATALOG_COMPILER_APPICON_NAME = AppIcon;
				ASSETCATALOG_COMPILER_GLOBAL_ACCENT_COLOR_NAME = AccentColor;
				CODE_SIGN_STYLE = Automatic;
				CURRENT_PROJECT_VERSION = 1;
				DEVELOPMENT_TEAM = 2MSLYVU6K6;
				GENERATE_INFOPLIST_FILE = YES;
				INFOPLIST_FILE = WhatWatch/Info.plist;
				INFOPLIST_KEY_UIApplicationSupportsIndirectInputEvents = YES;
				INFOPLIST_KEY_UILaunchStoryboardName = LaunchScreen;
				INFOPLIST_KEY_UIMainStoryboardFile = Main;
				INFOPLIST_KEY_UISupportedInterfaceOrientations_iPad = "UIInterfaceOrientationPortrait UIInterfaceOrientationPortraitUpsideDown UIInterfaceOrientationLandscapeLeft UIInterfaceOrientationLandscapeRight";
				INFOPLIST_KEY_UISupportedInterfaceOrientations_iPhone = "UIInterfaceOrientationPortrait UIInterfaceOrientationLandscapeLeft UIInterfaceOrientationLandscapeRight";
				IPHONEOS_DEPLOYMENT_TARGET = 15.6;
				LD_RUNPATH_SEARCH_PATHS = (
					"$(inherited)",
					"@executable_path/Frameworks",
				);
				MARKETING_VERSION = 1.0;
				PRODUCT_BUNDLE_IDENTIFIER = rodolphe.schnetzer.WhatWatch;
				PRODUCT_NAME = "$(TARGET_NAME)";
				SUPPORTED_PLATFORMS = "iphoneos iphonesimulator";
				SUPPORTS_MACCATALYST = NO;
				SUPPORTS_MAC_DESIGNED_FOR_IPHONE_IPAD = YES;
				SWIFT_EMIT_LOC_STRINGS = YES;
				SWIFT_VERSION = 5.0;
				TARGETED_DEVICE_FAMILY = 1;
			};
			name = Release;
		};
/* End XCBuildConfiguration section */

/* Begin XCConfigurationList section */
		4DCB7B7728E854B40026F2EB /* Build configuration list for PBXProject "WhatWatch" */ = {
			isa = XCConfigurationList;
			buildConfigurations = (
				4DCB7B9128E854B50026F2EB /* Debug */,
				4DCB7B9228E854B50026F2EB /* Release */,
			);
			defaultConfigurationIsVisible = 0;
			defaultConfigurationName = Release;
		};
		4DCB7B9328E854B50026F2EB /* Build configuration list for PBXNativeTarget "WhatWatch" */ = {
			isa = XCConfigurationList;
			buildConfigurations = (
				4DCB7B9428E854B50026F2EB /* Debug */,
				4DCB7B9528E854B50026F2EB /* Release */,
			);
			defaultConfigurationIsVisible = 0;
			defaultConfigurationName = Release;
		};
/* End XCConfigurationList section */

/* Begin XCRemoteSwiftPackageReference section */
		4DC1B46828EAFBA50001777A /* XCRemoteSwiftPackageReference "SDWebImage" */ = {
			isa = XCRemoteSwiftPackageReference;
			repositoryURL = "https://github.com/SDWebImage/SDWebImage";
			requirement = {
				branch = master;
				kind = branch;
			};
		};
/* End XCRemoteSwiftPackageReference section */

/* Begin XCSwiftPackageProductDependency section */
		4DC1B46928EAFBA50001777A /* SDWebImage */ = {
			isa = XCSwiftPackageProductDependency;
			package = 4DC1B46828EAFBA50001777A /* XCRemoteSwiftPackageReference "SDWebImage" */;
			productName = SDWebImage;
		};
/* End XCSwiftPackageProductDependency section */

/* Begin XCVersionGroup section */
		4DCB7B8828E854B40026F2EB /* WhatWatch.xcdatamodeld */ = {
			isa = XCVersionGroup;
			children = (
				4DCB7B8928E854B40026F2EB /* WhatWatch.xcdatamodel */,
			);
			currentVersion = 4DCB7B8928E854B40026F2EB /* WhatWatch.xcdatamodel */;
			path = WhatWatch.xcdatamodeld;
			sourceTree = "<group>";
			versionGroupType = wrapper.xcdatamodel;
		};
/* End XCVersionGroup section */
	};
	rootObject = 4DCB7B7428E854B40026F2EB /* Project object */;
}
